
Microsoft Visual Studio Solution File, Format Version 12.00
# Visual Studio Version 16
VisualStudioVersion = 16.0.30011.22
MinimumVisualStudioVersion = 10.0.40219.1
Project("{FAE04EC0-301F-11D3-BF4B-00C04F79EFBC}") = "TabuOyunu", "TabuOyunu\TabuOyunu.csproj", "{A3507725-6706-4B07-A6FF-26F8ADEAA832}"
EndProject
Global
	GlobalSection(SolutionConfigurationPlatforms) = preSolution
		Debug|Any CPU = Debug|Any CPU
		Release|Any CPU = Release|Any CPU
	EndGlobalSection
	GlobalSection(ProjectConfigurationPlatforms) = postSolution
		{A3507725-6706-4B07-A6FF-26F8ADEAA832}.Debug|Any CPU.ActiveCfg = Debug|Any CPU
		{A3507725-6706-4B07-A6FF-26F8ADEAA832}.Debug|Any CPU.Build.0 = Debug|Any CPU
		{A3507725-6706-4B07-A6FF-26F8ADEAA832}.Release|Any CPU.ActiveCfg = Release|Any CPU
		{A3507725-6706-4B07-A6FF-26F8ADEAA832}.Release|Any CPU.Build.0 = Release|Any CPU
	EndGlobalSection
	GlobalSection(SolutionProperties) = preSolution
		HideSolutionNode = FALSE
	EndGlobalSection
	GlobalSection(ExtensibilityGlobals) = postSolution
		SolutionGuid = {799ACB96-4004-4482-8632-ED6FACC87AA5}
	EndGlobalSection
EndGlobal
